// !$*UTF8*$!
{
	archiveVersion = 1;
	classes = {
	};
	objectVersion = 46;
	objects = {

/* Begin PBXBuildFile section */
		B0E76BDF1D7A620000B66329 /* main.c in Sources */ = {isa = PBXBuildFile; fileRef = B0E76BDE1D7A620000B66329 /* main.c */; };
/* End PBXBuildFile section */

/* Begin PBXCopyFilesBuildPhase section */
		B0A767FB1D77EF3C006484A8 /* CopyFiles */ = {
			isa = PBXCopyFilesBuildPhase;
			buildActionMask = 2147483647;
			dstPath = /usr/share/man/man1/;
			dstSubfolderSpec = 0;
			files = (
			);
			runOnlyForDeploymentPostprocessing = 1;
		};
		B0A7680A1D77F4F0006484A8 /* CopyFiles */ = {
			isa = PBXCopyFilesBuildPhase;
			buildActionMask = 2147483647;
			dstPath = /usr/share/man/man1/;
			dstSubfolderSpec = 0;
			files = (
			);
			runOnlyForDeploymentPostprocessing = 1;
		};
		B0B073701D78895100D05838 /* CopyFiles */ = {
			isa = PBXCopyFilesBuildPhase;
			buildActionMask = 2147483647;
			dstPath = /usr/share/man/man1/;
			dstSubfolderSpec = 0;
			files = (
			);
			runOnlyForDeploymentPostprocessing = 1;
		};
/* End PBXCopyFilesBuildPhase section */

/* Begin PBXFileReference section */
		B0A767FD1D77EF3C006484A8 /* CS141 */ = {isa = PBXFileReference; explicitFileType = "compiled.mach-o.executable"; includeInIndex = 0; path = CS141; sourceTree = BUILT_PRODUCTS_DIR; };
		B0A7680C1D77F4F0006484A8 /* Project1 */ = {isa = PBXFileReference; explicitFileType = "compiled.mach-o.executable"; includeInIndex = 0; path = Project1; sourceTree = BUILT_PRODUCTS_DIR; };
		B0B073721D78895100D05838 /* Project1Stage2 */ = {isa = PBXFileReference; explicitFileType = "compiled.mach-o.executable"; includeInIndex = 0; path = Project1Stage2; sourceTree = BUILT_PRODUCTS_DIR; };
		B0E76BDE1D7A620000B66329 /* main.c */ = {isa = PBXFileReference; fileEncoding = 4; lastKnownFileType = sourcecode.c.c; name = main.c; path = Project1/main.c; sourceTree = SOURCE_ROOT; };
/* End PBXFileReference section */

/* Begin PBXFrameworksBuildPhase section */
		B0A767FA1D77EF3C006484A8 /* Frameworks */ = {
			isa = PBXFrameworksBuildPhase;
			buildActionMask = 2147483647;
			files = (
			);
			runOnlyForDeploymentPostprocessing = 0;
		};
		B0A768091D77F4F0006484A8 /* Frameworks */ = {
			isa = PBXFrameworksBuildPhase;
			buildActionMask = 2147483647;
			files = (
			);
			runOnlyForDeploymentPostprocessing = 0;
		};
		B0B0736F1D78895100D05838 /* Frameworks */ = {
			isa = PBXFrameworksBuildPhase;
			buildActionMask = 2147483647;
			files = (
			);
			runOnlyForDeploymentPostprocessing = 0;
		};
/* End PBXFrameworksBuildPhase section */

/* Begin PBXGroup section */
		B0A767F41D77EF3C006484A8 = {
			isa = PBXGroup;
			children = (
				B0B073731D78895100D05838 /* Project1 */,
				B0A767FE1D77EF3C006484A8 /* Products */,
			);
			sourceTree = "<group>";
		};
		B0A767FE1D77EF3C006484A8 /* Products */ = {
			isa = PBXGroup;
			children = (
				B0A767FD1D77EF3C006484A8 /* CS141 */,
				B0A7680C1D77F4F0006484A8 /* Project1 */,
				B0B073721D78895100D05838 /* Project1Stage2 */,
			);
			name = Products;
			sourceTree = "<group>";
		};
		B0B073731D78895100D05838 /* Project1 */ = {
			isa = PBXGroup;
			children = (
				B0E76BDE1D7A620000B66329 /* main.c */,
			);
			name = Project1;
			path = Project1Stage2;
			sourceTree = "<group>";
		};
/* End PBXGroup section */

/* Begin PBXNativeTarget section */
		B0A767FC1D77EF3C006484A8 /* CS141 */ = {
			isa = PBXNativeTarget;
			buildConfigurationList = B0A768041D77EF3C006484A8 /* Build configuration list for PBXNativeTarget "CS141" */;
			buildPhases = (
				B0A767F91D77EF3C006484A8 /* Sources */,
				B0A767FA1D77EF3C006484A8 /* Frameworks */,
				B0A767FB1D77EF3C006484A8 /* CopyFiles */,
			);
			buildRules = (
			);
			dependencies = (
			);
			name = CS141;
			productName = CS141;
			productReference = B0A767FD1D77EF3C006484A8 /* CS141 */;
			productType = "com.apple.product-type.tool";
		};
		B0A7680B1D77F4F0006484A8 /* Project1 */ = {
			isa = PBXNativeTarget;
			buildConfigurationList = B0A768101D77F4F0006484A8 /* Build configuration list for PBXNativeTarget "Project1" */;
			buildPhases = (
				B0A768081D77F4F0006484A8 /* Sources */,
				B0A768091D77F4F0006484A8 /* Frameworks */,
				B0A7680A1D77F4F0006484A8 /* CopyFiles */,
			);
			buildRules = (
			);
			dependencies = (
			);
			name = Project1;
			productName = Project1;
			productReference = B0A7680C1D77F4F0006484A8 /* Project1 */;
			productType = "com.apple.product-type.tool";
		};
		B0B073711D78895100D05838 /* Project1Stage2 */ = {
			isa = PBXNativeTarget;
			buildConfigurationList = B0B073761D78895100D05838 /* Build configuration list for PBXNativeTarget "Project1Stage2" */;
			buildPhases = (
				B0B0736E1D78895100D05838 /* Sources */,
				B0B0736F1D78895100D05838 /* Frameworks */,
				B0B073701D78895100D05838 /* CopyFiles */,
			);
			buildRules = (
			);
			dependencies = (
			);
			name = Project1Stage2;
			productName = Project1Stage2;
			productReference = B0B073721D78895100D05838 /* Project1Stage2 */;
			productType = "com.apple.product-type.tool";
		};
/* End PBXNativeTarget section */

/* Begin PBXProject section */
		B0A767F51D77EF3C006484A8 /* Project object */ = {
			isa = PBXProject;
			attributes = {
				LastUpgradeCheck = 0730;
				ORGANIZATIONNAME = "Heng Li";
				TargetAttributes = {
					B0A767FC1D77EF3C006484A8 = {
						CreatedOnToolsVersion = 7.3.1;
					};
					B0A7680B1D77F4F0006484A8 = {
						CreatedOnToolsVersion = 7.3.1;
					};
					B0B073711D78895100D05838 = {
						CreatedOnToolsVersion = 7.3.1;
					};
				};
			};
			buildConfigurationList = B0A767F81D77EF3C006484A8 /* Build configuration list for PBXProject "CS141" */;
			compatibilityVersion = "Xcode 3.2";
			developmentRegion = English;
			hasScannedForEncodings = 0;
			knownRegions = (
				en,
			);
			mainGroup = B0A767F41D77EF3C006484A8;
			productRefGroup = B0A767FE1D77EF3C006484A8 /* Products */;
			projectDirPath = "";
			projectRoot = "";
			targets = (
				B0A767FC1D77EF3C006484A8 /* CS141 */,
				B0A7680B1D77F4F0006484A8 /* Project1 */,
				B0B073711D78895100D05838 /* Project1Stage2 */,
			);
		};
/* End PBXProject section */

/* Begin PBXSourcesBuildPhase section */
		B0A767F91D77EF3C006484A8 /* Sources */ = {
			isa = PBXSourcesBuildPhase;
			buildActionMask = 2147483647;
			files = (
				B0E76BDF1D7A620000B66329 /* main.c in Sources */,
			);
			runOnlyForDeploymentPostprocessing = 0;
		};
		B0A768081D77F4F0006484A8 /* Sources */ = {
			isa = PBXSourcesBuildPhase;
			buildActionMask = 2147483647;
			files = (
			);
			runOnlyForDeploymentPostprocessing = 0;
		};
		B0B0736E1D78895100D05838 /* Sources */ = {
			isa = PBXSourcesBuildPhase;
			buildActionMask = 2147483647;
			files = (
			);
			runOnlyForDeploymentPostprocessing = 0;
		};
/* End PBXSourcesBuildPhase section */

/* Begin XCBuildConfiguration section */
		B0A768021D77EF3C006484A8 /* Debug */ = {
			isa = XCBuildConfiguration;
			buildSettings = {
				ALWAYS_SEARCH_USER_PATHS = NO;
				CLANG_ANALYZER_NONNULL = YES;
				CLANG_CXX_LANGUAGE_STANDARD = "gnu++0x";
				CLANG_CXX_LIBRARY = "libc++";
				CLANG_ENABLE_MODULES = YES;
				CLANG_ENABLE_OBJC_ARC = YES;
				CLANG_WARN_BOOL_CONVERSION = YES;
				CLANG_WARN_CONSTANT_CONVERSION = YES;
				CLANG_WARN_DIRECT_OBJC_ISA_USAGE = YES_ERROR;
				CLANG_WARN_EMPTY_BODY = YES;
				CLANG_WARN_ENUM_CONVERSION = YES;
				CLANG_WARN_INT_CONVERSION = YES;
				CLANG_WARN_OBJC_ROOT_CLASS = YES_ERROR;
				CLANG_WARN_UNREACHABLE_CODE = YES;
				CLANG_WARN__DUPLICATE_METHOD_MATCH = YES;
				CODE_SIGN_IDENTITY = "-";
				COPY_PHASE_STRIP = NO;
				DEBUG_INFORMATION_FORMAT = dwarf;
				ENABLE_STRICT_OBJC_MSGSEND = YES;
				ENABLE_TESTABILITY = YES;
				GCC_C_LANGUAGE_STANDARD = gnu99;
				GCC_DYNAMIC_NO_PIC = NO;
				GCC_NO_COMMON_BLOCKS = YES;
				GCC_OPTIMIZATION_LEVEL = 0;
				GCC_PREPROCESSOR_DEFINITIONS = (
					"DEBUG=1",
					"$(inherited)",
				);
				GCC_WARN_64_TO_32_BIT_CONVERSION = YES;
				GCC_WARN_ABOUT_RETURN_TYPE = YES_ERROR;
				GCC_WARN_UNDECLARED_SELECTOR = YES;
				GCC_WARN_UNINITIALIZED_AUTOS = YES_AGGRESSIVE;
				GCC_WARN_UNUSED_FUNCTION = YES;
				GCC_WARN_UNUSED_VARIABLE = YES;
				MACOSX_DEPLOYMENT_TARGET = 10.11;
				MTL_ENABLE_DEBUG_INFO = YES;
				ONLY_ACTIVE_ARCH = YES;
				SDKROOT = macosx;
			};
			name = Debug;
		};
		B0A768031D77EF3C006484A8 /* Release */ = {
			isa = XCBuildConfiguration;
			buildSettings = {
				ALWAYS_SEARCH_USER_PATHS = NO;
				CLANG_ANALYZER_NONNULL = YES;
				CLANG_CXX_LANGUAGE_STANDARD = "gnu++0x";
				CLANG_CXX_LIBRARY = "libc++";
				CLANG_ENABLE_MODULES = YES;
				CLANG_ENABLE_OBJC_ARC = YES;
				CLANG_WARN_BOOL_CONVERSION = YES;
				CLANG_WARN_CONSTANT_CONVERSION = YES;
				CLANG_WARN_DIRECT_OBJC_ISA_USAGE = YES_ERROR;
				CLANG_WARN_EMPTY_BODY = YES;
				CLANG_WARN_ENUM_CONVERSION = YES;
				CLANG_WARN_INT_CONVERSION = YES;
				CLANG_WARN_OBJC_ROOT_CLASS = YES_ERROR;
				CLANG_WARN_UNREACHABLE_CODE = YES;
				CLANG_WARN__DUPLICATE_METHOD_MATCH = YES;
				CODE_SIGN_IDENTITY = "-";
				COPY_PHASE_STRIP = NO;
				DEBUG_INFORMATION_FORMAT = "dwarf-with-dsym";
				ENABLE_NS_ASSERTIONS = NO;
				ENABLE_STRICT_OBJC_MSGSEND = YES;
				GCC_C_LANGUAGE_STANDARD = gnu99;
				GCC_NO_COMMON_BLOCKS = YES;
				GCC_WARN_64_TO_32_BIT_CONVERSION = YES;
				GCC_WARN_ABOUT_RETURN_TYPE = YES_ERROR;
				GCC_WARN_UNDECLARED_SELECTOR = YES;
				GCC_WARN_UNINITIALIZED_AUTOS = YES_AGGRESSIVE;
				GCC_WARN_UNUSED_FUNCTION = YES;
				GCC_WARN_UNUSED_VARIABLE = YES;
				MACOSX_DEPLOYMENT_TARGET = 10.11;
				MTL_ENABLE_DEBUG_INFO = NO;
				SDKROOT = macosx;
			};
			name = Release;
		};
		B0A768051D77EF3C006484A8 /* Debug */ = {
			isa = XCBuildConfiguration;
			buildSettings = {
				PRODUCT_NAME = "$(TARGET_NAME)";
			};
			name = Debug;
		};
		B0A768061D77EF3C006484A8 /* Release */ = {
			isa = XCBuildConfiguration;
			buildSettings = {
				PRODUCT_NAME = "$(TARGET_NAME)";
			};
			name = Release;
		};
		B0A768111D77F4F0006484A8 /* Debug */ = {
			isa = XCBuildConfiguration;
			buildSettings = {
				PRODUCT_NAME = "$(TARGET_NAME)";
			};
			name = Debug;
		};
		B0A768121D77F4F0006484A8 /* Release */ = {
			isa = XCBuildConfiguration;
			buildSettings = {
				PRODUCT_NAME = "$(TARGET_NAME)";
			};
			name = Release;
		};
		B0B073771D78895100D05838 /* Debug */ = {
			isa = XCBuildConfiguration;
			buildSettings = {
				PRODUCT_NAME = "$(TARGET_NAME)";
			};
			name = Debug;
		};
		B0B073781D78895100D05838 /* Release */ = {
			isa = XCBuildConfiguration;
			buildSettings = {
				PRODUCT_NAME = "$(TARGET_NAME)";
			};
			name = Release;
		};
/* End XCBuildConfiguration section */

/* Begin XCConfigurationList section */
		B0A767F81D77EF3C006484A8 /* Build configuration list for PBXProject "CS141" */ = {
			isa = XCConfigurationList;
			buildConfigurations = (
				B0A768021D77EF3C006484A8 /* Debug */,
				B0A768031D77EF3C006484A8 /* Release */,
			);
			defaultConfigurationIsVisible = 0;
			defaultConfigurationName = Release;
		};
		B0A768041D77EF3C006484A8 /* Build configuration list for PBXNativeTarget "CS141" */ = {
			isa = XCConfigurationList;
			buildConfigurations = (
				B0A768051D77EF3C006484A8 /* Debug */,
				B0A768061D77EF3C006484A8 /* Release */,
			);
			defaultConfigurationIsVisible = 0;
			defaultConfigurationName = Release;
		};
		B0A768101D77F4F0006484A8 /* Build configuration list for PBXNativeTarget "Project1" */ = {
			isa = XCConfigurationList;
			buildConfigurations = (
				B0A768111D77F4F0006484A8 /* Debug */,
				B0A768121D77F4F0006484A8 /* Release */,
			);
			defaultConfigurationIsVisible = 0;
			defaultConfigurationName = Release;
		};
		B0B073761D78895100D05838 /* Build configuration list for PBXNativeTarget "Project1Stage2" */ = {
			isa = XCConfigurationList;
			buildConfigurations = (
				B0B073771D78895100D05838 /* Debug */,
				B0B073781D78895100D05838 /* Release */,
			);
			defaultConfigurationIsVisible = 0;
			defaultConfigurationName = Release;
		};
/* End XCConfigurationList section */
	};
	rootObject = B0A767F51D77EF3C006484A8 /* Project object */;
}
